{
    "name": "Stridell_Origins",
    "lockfileVersion": 3,
    "requires": true,
    "packages": {
        "": {
            "dependencies": {
                "perfume.js": "latest"
            }
        },
        "node_modules/perfume.js": {
            "version": "9.4.0",
            "resolved": "https://registry.npmjs.org/perfume.js/-/perfume.js-9.4.0.tgz",
            "integrity": "sha512-YYxGBYm2OcDx68GhzX/N3h4RrtViAz7Whgk7dA6j1bC9NxBGIG8c+rs+K3ql/dW4KReszN8ptAC1ghUGdWNsMQ==",
            "license": "MIT",
            "dependencies": {
                "web-vitals": "^3.5.0"
            },
            "engines": {
                "node": ">=10.0.0"
            }
        },
        "node_modules/web-vitals": {
            "version": "3.5.2",
            "resolved": "https://registry.npmjs.org/web-vitals/-/web-vitals-3.5.2.tgz",
            "integrity": "sha512-c0rhqNcHXRkY/ogGDJQxZ9Im9D19hDihbzSQJrsioex+KnFgmMzBiy57Z1EjkhX/+OjyBpclDCzz2ITtjokFmg==",
            "license": "Apache-2.0"
        }
    }
}
